# This file is automatically @generated by Cargo.
# It is not intended for manual editing.
[[package]]
name = "dom"
version = "0.1.0"

[[package]]
name = "html"
version = "0.1.0"
dependencies = [
 "dom",
]

[[package]]
name = "moon"
version = "0.1.0"

[[package]]
name = "rendering"
version = "0.1.0"
dependencies = [
 "dom",
 "html",
]
